
Microsoft Visual Studio Solution File, Format Version 12.00
# Visual Studio Version 17
VisualStudioVersion = 17.10.34916.146
MinimumVisualStudioVersion = 10.0.40219.1
Project("{9A19103F-16F7-4668-BE54-9A1E7A4F7556}") = "CarSimulator", "CarSimulator\CarSimulator.csproj", "{BDBD0054-3ACC-4E7A-BBAC-194356BE85B6}"
EndProject
Project("{9A19103F-16F7-4668-BE54-9A1E7A4F7556}") = "Library", "Library\Library.csproj", "{BBFDB1AB-99D5-4A82-B464-FE35671679D4}"
EndProject
Project("{FAE04EC0-301F-11D3-BF4B-00C04F79EFBC}") = "CarSimulatorTests", "CarSimulatorTests\CarSimulatorTests.csproj", "{7F0E9F59-4229-4B3D-8C02-2A991D8715B3}"
EndProject
Global
	GlobalSection(SolutionConfigurationPlatforms) = preSolution
		Debug|Any CPU = Debug|Any CPU
		Release|Any CPU = Release|Any CPU
	EndGlobalSection
	GlobalSection(ProjectConfigurationPlatforms) = postSolution
		{BDBD0054-3ACC-4E7A-BBAC-194356BE85B6}.Debug|Any CPU.ActiveCfg = Debug|Any CPU
		{BDBD0054-3ACC-4E7A-BBAC-194356BE85B6}.Debug|Any CPU.Build.0 = Debug|Any CPU
		{BDBD0054-3ACC-4E7A-BBAC-194356BE85B6}.Release|Any CPU.ActiveCfg = Release|Any CPU
		{BDBD0054-3ACC-4E7A-BBAC-194356BE85B6}.Release|Any CPU.Build.0 = Release|Any CPU
		{BBFDB1AB-99D5-4A82-B464-FE35671679D4}.Debug|Any CPU.ActiveCfg = Debug|Any CPU
		{BBFDB1AB-99D5-4A82-B464-FE35671679D4}.Debug|Any CPU.Build.0 = Debug|Any CPU
		{BBFDB1AB-99D5-4A82-B464-FE35671679D4}.Release|Any CPU.ActiveCfg = Release|Any CPU
		{BBFDB1AB-99D5-4A82-B464-FE35671679D4}.Release|Any CPU.Build.0 = Release|Any CPU
		{7F0E9F59-4229-4B3D-8C02-2A991D8715B3}.Debug|Any CPU.ActiveCfg = Debug|Any CPU
		{7F0E9F59-4229-4B3D-8C02-2A991D8715B3}.Debug|Any CPU.Build.0 = Debug|Any CPU
		{7F0E9F59-4229-4B3D-8C02-2A991D8715B3}.Release|Any CPU.ActiveCfg = Release|Any CPU
		{7F0E9F59-4229-4B3D-8C02-2A991D8715B3}.Release|Any CPU.Build.0 = Release|Any CPU
	EndGlobalSection
	GlobalSection(SolutionProperties) = preSolution
		HideSolutionNode = FALSE
	EndGlobalSection
	GlobalSection(ExtensibilityGlobals) = postSolution
		SolutionGuid = {F21BFB8B-EEF1-4BA8-B675-1B16B518FC2C}
	EndGlobalSection
EndGlobal
